
Microsoft Visual Studio Solution File, Format Version 12.00
# Visual Studio Version 17
VisualStudioVersion = 17.13.35931.197 d17.13
MinimumVisualStudioVersion = 10.0.40219.1
Project("{FAE04EC0-301F-11D3-BF4B-00C04F79EFBC}") = "Inventario360.Web", "Inventario360.Web.csproj", "{2FB05208-130A-494C-B552-A55C6EB56315}"
EndProject
Global
	GlobalSection(SolutionConfigurationPlatforms) = preSolution
		Debug|Any CPU = Debug|Any CPU
		Release|Any CPU = Release|Any CPU
	EndGlobalSection
	GlobalSection(ProjectConfigurationPlatforms) = postSolution
		{2FB05208-130A-494C-B552-A55C6EB56315}.Debug|Any CPU.ActiveCfg = Debug|Any CPU
		{2FB05208-130A-494C-B552-A55C6EB56315}.Debug|Any CPU.Build.0 = Debug|Any CPU
		{2FB05208-130A-494C-B552-A55C6EB56315}.Release|Any CPU.ActiveCfg = Release|Any CPU
		{2FB05208-130A-494C-B552-A55C6EB56315}.Release|Any CPU.Build.0 = Release|Any CPU
	EndGlobalSection
	GlobalSection(SolutionProperties) = preSolution
		HideSolutionNode = FALSE
	EndGlobalSection
	GlobalSection(ExtensibilityGlobals) = postSolution
		SolutionGuid = {6C6F1323-B311-4A46-B080-B18DEFCF1BE7}
	EndGlobalSection
EndGlobal
