
Microsoft Visual Studio Solution File, Format Version 12.00
# Visual Studio Version 17
VisualStudioVersion = 17.13.35931.197 d17.13
MinimumVisualStudioVersion = 10.0.40219.1
Project("{FAE04EC0-301F-11D3-BF4B-00C04F79EFBC}") = "Inventario360.Web", "Inventario360.Web.csproj", "{AE71D898-AF68-438D-B5EF-725BA2EA0555}"
EndProject
Global
	GlobalSection(SolutionConfigurationPlatforms) = preSolution
		Debug|Any CPU = Debug|Any CPU
		Release|Any CPU = Release|Any CPU
	EndGlobalSection
	GlobalSection(ProjectConfigurationPlatforms) = postSolution
		{AE71D898-AF68-438D-B5EF-725BA2EA0555}.Debug|Any CPU.ActiveCfg = Debug|Any CPU
		{AE71D898-AF68-438D-B5EF-725BA2EA0555}.Debug|Any CPU.Build.0 = Debug|Any CPU
		{AE71D898-AF68-438D-B5EF-725BA2EA0555}.Release|Any CPU.ActiveCfg = Release|Any CPU
		{AE71D898-AF68-438D-B5EF-725BA2EA0555}.Release|Any CPU.Build.0 = Release|Any CPU
	EndGlobalSection
	GlobalSection(SolutionProperties) = preSolution
		HideSolutionNode = FALSE
	EndGlobalSection
	GlobalSection(ExtensibilityGlobals) = postSolution
		SolutionGuid = {E557FE75-F29A-4166-A56E-84302068D443}
	EndGlobalSection
EndGlobal
